// !$*UTF8*$!
{
	archiveVersion = 1;
	classes = {
	};
	objectVersion = 46;
	objects = {

/* Begin PBXBuildFile section */
		FA003C1A199CA70900776209 /* KIOUtils.m in Sources */ = {isa = PBXBuildFile; fileRef = FA003C19199CA70900776209 /* KIOUtils.m */; };
		FA4B584C19A4E0A400BBB1E5 /* KIOUtilsView.m in Sources */ = {isa = PBXBuildFile; fileRef = FA4B584B19A4E0A400BBB1E5 /* KIOUtilsView.m */; };
		FA93001C1981427D00142237 /* KIOServiceController.m in Sources */ = {isa = PBXBuildFile; fileRef = FA93001B1981427D00142237 /* KIOServiceController.m */; };
		FAB5D79B197519AC004F77ED /* Foundation.framework in Frameworks */ = {isa = PBXBuildFile; fileRef = FAB5D79A197519AC004F77ED /* Foundation.framework */; };
		FAB5D79D197519AD004F77ED /* CoreGraphics.framework in Frameworks */ = {isa = PBXBuildFile; fileRef = FAB5D79C197519AD004F77ED /* CoreGraphics.framework */; };
		FAB5D79F197519AD004F77ED /* UIKit.framework in Frameworks */ = {isa = PBXBuildFile; fileRef = FAB5D79E197519AD004F77ED /* UIKit.framework */; };
		FAB5D7A5197519AD004F77ED /* InfoPlist.strings in Resources */ = {isa = PBXBuildFile; fileRef = FAB5D7A3197519AD004F77ED /* InfoPlist.strings */; };
		FAB5D7A7197519AD004F77ED /* main.m in Sources */ = {isa = PBXBuildFile; fileRef = FAB5D7A6197519AD004F77ED /* main.m */; };
		FAB5D7AB197519AD004F77ED /* KIOAppDelegate.m in Sources */ = {isa = PBXBuildFile; fileRef = FAB5D7AA197519AD004F77ED /* KIOAppDelegate.m */; };
		FAB5D7B3197519AD004F77ED /* Images.xcassets in Resources */ = {isa = PBXBuildFile; fileRef = FAB5D7B2197519AD004F77ED /* Images.xcassets */; };
		FAB5D7BA197519AD004F77ED /* XCTest.framework in Frameworks */ = {isa = PBXBuildFile; fileRef = FAB5D7B9197519AD004F77ED /* XCTest.framework */; };
		FAB5D7BB197519AD004F77ED /* Foundation.framework in Frameworks */ = {isa = PBXBuildFile; fileRef = FAB5D79A197519AC004F77ED /* Foundation.framework */; };
		FAB5D7BC197519AD004F77ED /* UIKit.framework in Frameworks */ = {isa = PBXBuildFile; fileRef = FAB5D79E197519AD004F77ED /* UIKit.framework */; };
		FAB5D7C4197519AD004F77ED /* InfoPlist.strings in Resources */ = {isa = PBXBuildFile; fileRef = FAB5D7C2197519AD004F77ED /* InfoPlist.strings */; };
		FAB5D7C6197519AD004F77ED /* BeaconConferenceTests.m in Sources */ = {isa = PBXBuildFile; fileRef = FAB5D7C5197519AD004F77ED /* BeaconConferenceTests.m */; };
		FAB5D7D119751A77004F77ED /* KIOSplashViewController.m in Sources */ = {isa = PBXBuildFile; fileRef = FAB5D7D019751A77004F77ED /* KIOSplashViewController.m */; };
		FAB5D7D519751D09004F77ED /* KIOAPIDataStore.m in Sources */ = {isa = PBXBuildFile; fileRef = FAB5D7D419751D09004F77ED /* KIOAPIDataStore.m */; };
		FAB5D7D819751D94004F77ED /* Reachability.m in Sources */ = {isa = PBXBuildFile; fileRef = FAB5D7D719751D94004F77ED /* Reachability.m */; };
		FAB5D7DC19752613004F77ED /* KIOListViewController.m in Sources */ = {isa = PBXBuildFile; fileRef = FAB5D7DB19752613004F77ED /* KIOListViewController.m */; };
		FABAB71E19CD77F300441C42 /* UIColor+Styling.m in Sources */ = {isa = PBXBuildFile; fileRef = FABAB71D19CD77F300441C42 /* UIColor+Styling.m */; };
		FABAB75719D4203300441C42 /* Launch Screen.xib in Resources */ = {isa = PBXBuildFile; fileRef = FABAB75619D4203300441C42 /* Launch Screen.xib */; };
		FABAB76E19DBEFCE00441C42 /* Storyboard.storyboard in Resources */ = {isa = PBXBuildFile; fileRef = FABAB76D19DBEFCE00441C42 /* Storyboard.storyboard */; };
		FABAB77119DD66DD00441C42 /* KIOBuildingViewController.m in Sources */ = {isa = PBXBuildFile; fileRef = FABAB77019DD66DD00441C42 /* KIOBuildingViewController.m */; };
		FABAB77419DD750900441C42 /* KIOGridView.m in Sources */ = {isa = PBXBuildFile; fileRef = FABAB77319DD750900441C42 /* KIOGridView.m */; };
		FABAB77819DECF7400441C42 /* CLBeacon+Helper.m in Sources */ = {isa = PBXBuildFile; fileRef = FABAB77719DECF7400441C42 /* CLBeacon+Helper.m */; };
		FADDED6D197D100A00798018 /* KIOAPIConnection.m in Sources */ = {isa = PBXBuildFile; fileRef = FADDED6C197D100A00798018 /* KIOAPIConnection.m */; };
		FADDED70197D105500798018 /* KIOBeacon.m in Sources */ = {isa = PBXBuildFile; fileRef = FADDED6F197D105500798018 /* KIOBeacon.m */; };
		FAFE167819CC26FA00EAF03A /* KIOBannerViewController.m in Sources */ = {isa = PBXBuildFile; fileRef = FAFE167719CC26FA00EAF03A /* KIOBannerViewController.m */; };
/* End PBXBuildFile section */

/* Begin PBXContainerItemProxy section */
		FAB5D7BD197519AD004F77ED /* PBXContainerItemProxy */ = {
			isa = PBXContainerItemProxy;
			containerPortal = FAB5D78F197519AC004F77ED /* Project object */;
			proxyType = 1;
			remoteGlobalIDString = FAB5D796197519AC004F77ED;
			remoteInfo = BeaconConference;
		};
/* End PBXContainerItemProxy section */

/* Begin PBXFileReference section */
		FA003C18199CA70900776209 /* KIOUtils.h */ = {isa = PBXFileReference; fileEncoding = 4; lastKnownFileType = sourcecode.c.h; path = KIOUtils.h; sourceTree = "<group>"; };
		FA003C19199CA70900776209 /* KIOUtils.m */ = {isa = PBXFileReference; fileEncoding = 4; lastKnownFileType = sourcecode.c.objc; path = KIOUtils.m; sourceTree = "<group>"; };
		FA4B584A19A4E0A400BBB1E5 /* KIOUtilsView.h */ = {isa = PBXFileReference; fileEncoding = 4; lastKnownFileType = sourcecode.c.h; path = KIOUtilsView.h; sourceTree = "<group>"; };
		FA4B584B19A4E0A400BBB1E5 /* KIOUtilsView.m */ = {isa = PBXFileReference; fileEncoding = 4; lastKnownFileType = sourcecode.c.objc; path = KIOUtilsView.m; sourceTree = "<group>"; };
		FA9081A91975647A00B0710E /* ru */ = {isa = PBXFileReference; lastKnownFileType = text.plist.strings; name = ru; path = ru.lproj/InfoPlist.strings; sourceTree = "<group>"; };
		FA9081AA1975647A00B0710E /* ru */ = {isa = PBXFileReference; lastKnownFileType = text.plist.strings; name = ru; path = ru.lproj/InfoPlist.strings; sourceTree = "<group>"; };
		FA93001A1981427D00142237 /* KIOServiceController.h */ = {isa = PBXFileReference; fileEncoding = 4; lastKnownFileType = sourcecode.c.h; path = KIOServiceController.h; sourceTree = "<group>"; };
		FA93001B1981427D00142237 /* KIOServiceController.m */ = {isa = PBXFileReference; fileEncoding = 4; lastKnownFileType = sourcecode.c.objc; path = KIOServiceController.m; sourceTree = "<group>"; };
		FAB5D797197519AC004F77ED /* BeaconConference.app */ = {isa = PBXFileReference; explicitFileType = wrapper.application; includeInIndex = 0; path = BeaconConference.app; sourceTree = BUILT_PRODUCTS_DIR; };
		FAB5D79A197519AC004F77ED /* Foundation.framework */ = {isa = PBXFileReference; lastKnownFileType = wrapper.framework; name = Foundation.framework; path = System/Library/Frameworks/Foundation.framework; sourceTree = SDKROOT; };
		FAB5D79C197519AD004F77ED /* CoreGraphics.framework */ = {isa = PBXFileReference; lastKnownFileType = wrapper.framework; name = CoreGraphics.framework; path = System/Library/Frameworks/CoreGraphics.framework; sourceTree = SDKROOT; };
		FAB5D79E197519AD004F77ED /* UIKit.framework */ = {isa = PBXFileReference; lastKnownFileType = wrapper.framework; name = UIKit.framework; path = System/Library/Frameworks/UIKit.framework; sourceTree = SDKROOT; };
		FAB5D7A2197519AD004F77ED /* BeaconConference-Info.plist */ = {isa = PBXFileReference; lastKnownFileType = text.plist.xml; path = "BeaconConference-Info.plist"; sourceTree = "<group>"; };
		FAB5D7A4197519AD004F77ED /* en */ = {isa = PBXFileReference; lastKnownFileType = text.plist.strings; name = en; path = en.lproj/InfoPlist.strings; sourceTree = "<group>"; };
		FAB5D7A6197519AD004F77ED /* main.m */ = {isa = PBXFileReference; lastKnownFileType = sourcecode.c.objc; path = main.m; sourceTree = "<group>"; };
		FAB5D7A8197519AD004F77ED /* BeaconConference-Prefix.pch */ = {isa = PBXFileReference; lastKnownFileType = sourcecode.c.h; path = "BeaconConference-Prefix.pch"; sourceTree = "<group>"; };
		FAB5D7A9197519AD004F77ED /* KIOAppDelegate.h */ = {isa = PBXFileReference; lastKnownFileType = sourcecode.c.h; path = KIOAppDelegate.h; sourceTree = "<group>"; };
		FAB5D7AA197519AD004F77ED /* KIOAppDelegate.m */ = {isa = PBXFileReference; lastKnownFileType = sourcecode.c.objc; path = KIOAppDelegate.m; sourceTree = "<group>"; };
		FAB5D7B2197519AD004F77ED /* Images.xcassets */ = {isa = PBXFileReference; lastKnownFileType = folder.assetcatalog; path = Images.xcassets; sourceTree = "<group>"; };
		FAB5D7B8197519AD004F77ED /* BeaconConferenceTests.xctest */ = {isa = PBXFileReference; explicitFileType = wrapper.cfbundle; includeInIndex = 0; path = BeaconConferenceTests.xctest; sourceTree = BUILT_PRODUCTS_DIR; };
		FAB5D7B9197519AD004F77ED /* XCTest.framework */ = {isa = PBXFileReference; lastKnownFileType = wrapper.framework; name = XCTest.framework; path = Library/Frameworks/XCTest.framework; sourceTree = DEVELOPER_DIR; };
		FAB5D7C1197519AD004F77ED /* BeaconConferenceTests-Info.plist */ = {isa = PBXFileReference; lastKnownFileType = text.plist.xml; path = "BeaconConferenceTests-Info.plist"; sourceTree = "<group>"; };
		FAB5D7C3197519AD004F77ED /* en */ = {isa = PBXFileReference; lastKnownFileType = text.plist.strings; name = en; path = en.lproj/InfoPlist.strings; sourceTree = "<group>"; };
		FAB5D7C5197519AD004F77ED /* BeaconConferenceTests.m */ = {isa = PBXFileReference; lastKnownFileType = sourcecode.c.objc; path = BeaconConferenceTests.m; sourceTree = "<group>"; };
		FAB5D7CF19751A77004F77ED /* KIOSplashViewController.h */ = {isa = PBXFileReference; fileEncoding = 4; lastKnownFileType = sourcecode.c.h; path = KIOSplashViewController.h; sourceTree = "<group>"; };
		FAB5D7D019751A77004F77ED /* KIOSplashViewController.m */ = {isa = PBXFileReference; fileEncoding = 4; lastKnownFileType = sourcecode.c.objc; path = KIOSplashViewController.m; sourceTree = "<group>"; };
		FAB5D7D319751D09004F77ED /* KIOAPIDataStore.h */ = {isa = PBXFileReference; fileEncoding = 4; lastKnownFileType = sourcecode.c.h; path = KIOAPIDataStore.h; sourceTree = "<group>"; };
		FAB5D7D419751D09004F77ED /* KIOAPIDataStore.m */ = {isa = PBXFileReference; fileEncoding = 4; lastKnownFileType = sourcecode.c.objc; path = KIOAPIDataStore.m; sourceTree = "<group>"; };
		FAB5D7D619751D94004F77ED /* Reachability.h */ = {isa = PBXFileReference; fileEncoding = 4; lastKnownFileType = sourcecode.c.h; path = Reachability.h; sourceTree = "<group>"; };
		FAB5D7D719751D94004F77ED /* Reachability.m */ = {isa = PBXFileReference; fileEncoding = 4; lastKnownFileType = sourcecode.c.objc; path = Reachability.m; sourceTree = "<group>"; };
		FAB5D7DA19752613004F77ED /* KIOListViewController.h */ = {isa = PBXFileReference; fileEncoding = 4; lastKnownFileType = sourcecode.c.h; path = KIOListViewController.h; sourceTree = "<group>"; };
		FAB5D7DB19752613004F77ED /* KIOListViewController.m */ = {isa = PBXFileReference; fileEncoding = 4; lastKnownFileType = sourcecode.c.objc; path = KIOListViewController.m; sourceTree = "<group>"; };
		FABAB71C19CD77F300441C42 /* UIColor+Styling.h */ = {isa = PBXFileReference; fileEncoding = 4; lastKnownFileType = sourcecode.c.h; path = "UIColor+Styling.h"; sourceTree = "<group>"; };
		FABAB71D19CD77F300441C42 /* UIColor+Styling.m */ = {isa = PBXFileReference; fileEncoding = 4; lastKnownFileType = sourcecode.c.objc; path = "UIColor+Styling.m"; sourceTree = "<group>"; };
		FABAB75619D4203300441C42 /* Launch Screen.xib */ = {isa = PBXFileReference; fileEncoding = 4; lastKnownFileType = file.xib; path = "Launch Screen.xib"; sourceTree = "<group>"; };
		FABAB76D19DBEFCE00441C42 /* Storyboard.storyboard */ = {isa = PBXFileReference; fileEncoding = 4; lastKnownFileType = file.storyboard; path = Storyboard.storyboard; sourceTree = "<group>"; };
		FABAB76F19DD66DD00441C42 /* KIOBuildingViewController.h */ = {isa = PBXFileReference; fileEncoding = 4; lastKnownFileType = sourcecode.c.h; path = KIOBuildingViewController.h; sourceTree = "<group>"; };
		FABAB77019DD66DD00441C42 /* KIOBuildingViewController.m */ = {isa = PBXFileReference; fileEncoding = 4; lastKnownFileType = sourcecode.c.objc; path = KIOBuildingViewController.m; sourceTree = "<group>"; };
		FABAB77219DD750900441C42 /* KIOGridView.h */ = {isa = PBXFileReference; fileEncoding = 4; lastKnownFileType = sourcecode.c.h; path = KIOGridView.h; sourceTree = "<group>"; };
		FABAB77319DD750900441C42 /* KIOGridView.m */ = {isa = PBXFileReference; fileEncoding = 4; lastKnownFileType = sourcecode.c.objc; path = KIOGridView.m; sourceTree = "<group>"; };
		FABAB77619DECF7400441C42 /* CLBeacon+Helper.h */ = {isa = PBXFileReference; fileEncoding = 4; lastKnownFileType = sourcecode.c.h; path = "CLBeacon+Helper.h"; sourceTree = "<group>"; };
		FABAB77719DECF7400441C42 /* CLBeacon+Helper.m */ = {isa = PBXFileReference; fileEncoding = 4; lastKnownFileType = sourcecode.c.objc; path = "CLBeacon+Helper.m"; sourceTree = "<group>"; };
		FADDED6B197D100A00798018 /* KIOAPIConnection.h */ = {isa = PBXFileReference; fileEncoding = 4; lastKnownFileType = sourcecode.c.h; path = KIOAPIConnection.h; sourceTree = "<group>"; };
		FADDED6C197D100A00798018 /* KIOAPIConnection.m */ = {isa = PBXFileReference; fileEncoding = 4; lastKnownFileType = sourcecode.c.objc; path = KIOAPIConnection.m; sourceTree = "<group>"; };
		FADDED6E197D105500798018 /* KIOBeacon.h */ = {isa = PBXFileReference; fileEncoding = 4; lastKnownFileType = sourcecode.c.h; path = KIOBeacon.h; sourceTree = "<group>"; };
		FADDED6F197D105500798018 /* KIOBeacon.m */ = {isa = PBXFileReference; fileEncoding = 4; lastKnownFileType = sourcecode.c.objc; path = KIOBeacon.m; sourceTree = "<group>"; };
		FAFE167619CC26FA00EAF03A /* KIOBannerViewController.h */ = {isa = PBXFileReference; fileEncoding = 4; lastKnownFileType = sourcecode.c.h; path = KIOBannerViewController.h; sourceTree = "<group>"; };
		FAFE167719CC26FA00EAF03A /* KIOBannerViewController.m */ = {isa = PBXFileReference; fileEncoding = 4; lastKnownFileType = sourcecode.c.objc; path = KIOBannerViewController.m; sourceTree = "<group>"; };
/* End PBXFileReference section */

/* Begin PBXFrameworksBuildPhase section */
		FAB5D794197519AC004F77ED /* Frameworks */ = {
			isa = PBXFrameworksBuildPhase;
			buildActionMask = 2147483647;
			files = (
				FAB5D79D197519AD004F77ED /* CoreGraphics.framework in Frameworks */,
				FAB5D79F197519AD004F77ED /* UIKit.framework in Frameworks */,
				FAB5D79B197519AC004F77ED /* Foundation.framework in Frameworks */,
			);
			runOnlyForDeploymentPostprocessing = 0;
		};
		FAB5D7B5197519AD004F77ED /* Frameworks */ = {
			isa = PBXFrameworksBuildPhase;
			buildActionMask = 2147483647;
			files = (
				FAB5D7BA197519AD004F77ED /* XCTest.framework in Frameworks */,
				FAB5D7BC197519AD004F77ED /* UIKit.framework in Frameworks */,
				FAB5D7BB197519AD004F77ED /* Foundation.framework in Frameworks */,
			);
			runOnlyForDeploymentPostprocessing = 0;
		};
/* End PBXFrameworksBuildPhase section */

/* Begin PBXGroup section */
		FA003C1B199CAF4D00776209 /* Utils */ = {
			isa = PBXGroup;
			children = (
				FA003C18199CA70900776209 /* KIOUtils.h */,
				FA003C19199CA70900776209 /* KIOUtils.m */,
				FA4B584A19A4E0A400BBB1E5 /* KIOUtilsView.h */,
				FA4B584B19A4E0A400BBB1E5 /* KIOUtilsView.m */,
			);
			name = Utils;
			sourceTree = "<group>";
		};
		FA93001D1981428900142237 /* Service Controller */ = {
			isa = PBXGroup;
			children = (
				FA93001A1981427D00142237 /* KIOServiceController.h */,
				FA93001B1981427D00142237 /* KIOServiceController.m */,
			);
			name = "Service Controller";
			sourceTree = "<group>";
		};
		FAB5D78E197519AC004F77ED = {
			isa = PBXGroup;
			children = (
				FAB5D7A0197519AD004F77ED /* BeaconConference */,
				FAB5D7BF197519AD004F77ED /* BeaconConferenceTests */,
				FAB5D799197519AC004F77ED /* Frameworks */,
				FAB5D798197519AC004F77ED /* Products */,
			);
			sourceTree = "<group>";
		};
		FAB5D798197519AC004F77ED /* Products */ = {
			isa = PBXGroup;
			children = (
				FAB5D797197519AC004F77ED /* BeaconConference.app */,
				FAB5D7B8197519AD004F77ED /* BeaconConferenceTests.xctest */,
			);
			name = Products;
			sourceTree = "<group>";
		};
		FAB5D799197519AC004F77ED /* Frameworks */ = {
			isa = PBXGroup;
			children = (
				FAB5D79A197519AC004F77ED /* Foundation.framework */,
				FAB5D79C197519AD004F77ED /* CoreGraphics.framework */,
				FAB5D79E197519AD004F77ED /* UIKit.framework */,
				FAB5D7B9197519AD004F77ED /* XCTest.framework */,
			);
			name = Frameworks;
			sourceTree = "<group>";
		};
		FAB5D7A0197519AD004F77ED /* BeaconConference */ = {
			isa = PBXGroup;
			children = (
				FABAB75619D4203300441C42 /* Launch Screen.xib */,
				FABAB76D19DBEFCE00441C42 /* Storyboard.storyboard */,
				FAB5D7A9197519AD004F77ED /* KIOAppDelegate.h */,
				FAB5D7AA197519AD004F77ED /* KIOAppDelegate.m */,
				FA003C1B199CAF4D00776209 /* Utils */,
				FAB5D7D919751DA4004F77ED /* Reachability */,
				FABAB71F19CD77FA00441C42 /* Category */,
				FAB5D7D219751CF8004F77ED /* Data Model */,
				FA93001D1981428900142237 /* Service Controller */,
				FABAB77519DD751200441C42 /* View */,
				FAB5D7DD19752633004F77ED /* View Controller */,
				FAB5D7B2197519AD004F77ED /* Images.xcassets */,
				FAB5D7A1197519AD004F77ED /* Supporting Files */,
			);
			path = BeaconConference;
			sourceTree = "<group>";
		};
		FAB5D7A1197519AD004F77ED /* Supporting Files */ = {
			isa = PBXGroup;
			children = (
				FAB5D7A2197519AD004F77ED /* BeaconConference-Info.plist */,
				FAB5D7A3197519AD004F77ED /* InfoPlist.strings */,
				FAB5D7A6197519AD004F77ED /* main.m */,
				FAB5D7A8197519AD004F77ED /* BeaconConference-Prefix.pch */,
			);
			name = "Supporting Files";
			sourceTree = "<group>";
		};
		FAB5D7BF197519AD004F77ED /* BeaconConferenceTests */ = {
			isa = PBXGroup;
			children = (
				FAB5D7C5197519AD004F77ED /* BeaconConferenceTests.m */,
				FAB5D7C0197519AD004F77ED /* Supporting Files */,
			);
			path = BeaconConferenceTests;
			sourceTree = "<group>";
		};
		FAB5D7C0197519AD004F77ED /* Supporting Files */ = {
			isa = PBXGroup;
			children = (
				FAB5D7C1197519AD004F77ED /* BeaconConferenceTests-Info.plist */,
				FAB5D7C2197519AD004F77ED /* InfoPlist.strings */,
			);
			name = "Supporting Files";
			sourceTree = "<group>";
		};
		FAB5D7D219751CF8004F77ED /* Data Model */ = {
			isa = PBXGroup;
			children = (
				FADDED6E197D105500798018 /* KIOBeacon.h */,
				FADDED6F197D105500798018 /* KIOBeacon.m */,
				FADDED6B197D100A00798018 /* KIOAPIConnection.h */,
				FADDED6C197D100A00798018 /* KIOAPIConnection.m */,
				FAB5D7D319751D09004F77ED /* KIOAPIDataStore.h */,
				FAB5D7D419751D09004F77ED /* KIOAPIDataStore.m */,
			);
			name = "Data Model";
			sourceTree = "<group>";
		};
		FAB5D7D919751DA4004F77ED /* Reachability */ = {
			isa = PBXGroup;
			children = (
				FAB5D7D619751D94004F77ED /* Reachability.h */,
				FAB5D7D719751D94004F77ED /* Reachability.m */,
			);
			name = Reachability;
			sourceTree = "<group>";
		};
		FAB5D7DD19752633004F77ED /* View Controller */ = {
			isa = PBXGroup;
			children = (
				FAB5D7CF19751A77004F77ED /* KIOSplashViewController.h */,
				FAB5D7D019751A77004F77ED /* KIOSplashViewController.m */,
				FAB5D7DA19752613004F77ED /* KIOListViewController.h */,
				FAB5D7DB19752613004F77ED /* KIOListViewController.m */,
				FABAB76F19DD66DD00441C42 /* KIOBuildingViewController.h */,
				FABAB77019DD66DD00441C42 /* KIOBuildingViewController.m */,
				FAFE167619CC26FA00EAF03A /* KIOBannerViewController.h */,
				FAFE167719CC26FA00EAF03A /* KIOBannerViewController.m */,
			);
			name = "View Controller";
			sourceTree = "<group>";
		};
		FABAB71F19CD77FA00441C42 /* Category */ = {
			isa = PBXGroup;
			children = (
				FABAB71C19CD77F300441C42 /* UIColor+Styling.h */,
				FABAB71D19CD77F300441C42 /* UIColor+Styling.m */,
				FABAB77619DECF7400441C42 /* CLBeacon+Helper.h */,
				FABAB77719DECF7400441C42 /* CLBeacon+Helper.m */,
			);
			name = Category;
			sourceTree = "<group>";
		};
		FABAB77519DD751200441C42 /* View */ = {
			isa = PBXGroup;
			children = (
				FABAB77219DD750900441C42 /* KIOGridView.h */,
				FABAB77319DD750900441C42 /* KIOGridView.m */,
			);
			name = View;
			sourceTree = "<group>";
		};
/* End PBXGroup section */

/* Begin PBXNativeTarget section */
		FAB5D796197519AC004F77ED /* BeaconConference */ = {
			isa = PBXNativeTarget;
			buildConfigurationList = FAB5D7C9197519AD004F77ED /* Build configuration list for PBXNativeTarget "BeaconConference" */;
			buildPhases = (
				FAB5D793197519AC004F77ED /* Sources */,
				FAB5D794197519AC004F77ED /* Frameworks */,
				FAB5D795197519AC004F77ED /* Resources */,
				FA1B235919BF5461009E9398 /* Bump Build Number */,
			);
			buildRules = (
			);
			dependencies = (
			);
			name = BeaconConference;
			productName = BeaconConference;
			productReference = FAB5D797197519AC004F77ED /* BeaconConference.app */;
			productType = "com.apple.product-type.application";
		};
		FAB5D7B7197519AD004F77ED /* BeaconConferenceTests */ = {
			isa = PBXNativeTarget;
			buildConfigurationList = FAB5D7CC197519AD004F77ED /* Build configuration list for PBXNativeTarget "BeaconConferenceTests" */;
			buildPhases = (
				FAB5D7B4197519AD004F77ED /* Sources */,
				FAB5D7B5197519AD004F77ED /* Frameworks */,
				FAB5D7B6197519AD004F77ED /* Resources */,
			);
			buildRules = (
			);
			dependencies = (
				FAB5D7BE197519AD004F77ED /* PBXTargetDependency */,
			);
			name = BeaconConferenceTests;
			productName = BeaconConferenceTests;
			productReference = FAB5D7B8197519AD004F77ED /* BeaconConferenceTests.xctest */;
			productType = "com.apple.product-type.bundle.unit-test";
		};
/* End PBXNativeTarget section */

/* Begin PBXProject section */
		FAB5D78F197519AC004F77ED /* Project object */ = {
			isa = PBXProject;
			attributes = {
				CLASSPREFIX = KIO;
				LastUpgradeCheck = 0510;
				ORGANIZATIONNAME = "Kirill Osipov";
				TargetAttributes = {
					FAB5D7B7197519AD004F77ED = {
						TestTargetID = FAB5D796197519AC004F77ED;
					};
				};
			};
			buildConfigurationList = FAB5D792197519AC004F77ED /* Build configuration list for PBXProject "BeaconConference" */;
			compatibilityVersion = "Xcode 3.2";
			developmentRegion = English;
			hasScannedForEncodings = 0;
			knownRegions = (
				en,
				Base,
				ru,
			);
			mainGroup = FAB5D78E197519AC004F77ED;
			productRefGroup = FAB5D798197519AC004F77ED /* Products */;
			projectDirPath = "";
			projectRoot = "";
			targets = (
				FAB5D796197519AC004F77ED /* BeaconConference */,
				FAB5D7B7197519AD004F77ED /* BeaconConferenceTests */,
			);
		};
/* End PBXProject section */

/* Begin PBXResourcesBuildPhase section */
		FAB5D795197519AC004F77ED /* Resources */ = {
			isa = PBXResourcesBuildPhase;
			buildActionMask = 2147483647;
			files = (
				FAB5D7B3197519AD004F77ED /* Images.xcassets in Resources */,
				FABAB75719D4203300441C42 /* Launch Screen.xib in Resources */,
				FAB5D7A5197519AD004F77ED /* InfoPlist.strings in Resources */,
				FABAB76E19DBEFCE00441C42 /* Storyboard.storyboard in Resources */,
			);
			runOnlyForDeploymentPostprocessing = 0;
		};
		FAB5D7B6197519AD004F77ED /* Resources */ = {
			isa = PBXResourcesBuildPhase;
			buildActionMask = 2147483647;
			files = (
				FAB5D7C4197519AD004F77ED /* InfoPlist.strings in Resources */,
			);
			runOnlyForDeploymentPostprocessing = 0;
		};
/* End PBXResourcesBuildPhase section */

/* Begin PBXShellScriptBuildPhase section */
		FA1B235919BF5461009E9398 /* Bump Build Number */ = {
			isa = PBXShellScriptBuildPhase;
			buildActionMask = 2147483647;
			files = (
			);
			inputPaths = (
			);
			name = "Bump Build Number";
			outputPaths = (
			);
			runOnlyForDeploymentPostprocessing = 0;
			shellPath = /bin/sh;
			shellScript = "if\n    [[\"$CONFIGURATION\"==\"Release\"]] && [[\"$USER\"==\"_teamsserver\"]]\nthen\n    echo \"Bumping build Release number\"\n    agvtool bump -increment -minor -version\n    NEW_BUILD_NUMBER=$(agvtool what -version -terse)\n    /usr/libexec Plistbuddy -c \"Set CFBundleVersion ${NEW_BUILD_NUMBER}\" ${PROJECT_DIR}/${INFOPLIST_FILE}\n    git commit -a -m \"Bump to build $NEW_BUILD_NUMBER\"\n    git config push.default simple\n    git push\nelse\n    echo \"Setting build number to DEV\"\n    /usr/libexec/Plistbuddy -c \"Set CFBundleVersion DEV\" ${PROJECT_DIR}/${INFOPLIST_FILE}\nfi";
		};
/* End PBXShellScriptBuildPhase section */

/* Begin PBXSourcesBuildPhase section */
		FAB5D793197519AC004F77ED /* Sources */ = {
			isa = PBXSourcesBuildPhase;
			buildActionMask = 2147483647;
			files = (
				FAB5D7DC19752613004F77ED /* KIOListViewController.m in Sources */,
				FADDED6D197D100A00798018 /* KIOAPIConnection.m in Sources */,
				FAFE167819CC26FA00EAF03A /* KIOBannerViewController.m in Sources */,
				FAB5D7D119751A77004F77ED /* KIOSplashViewController.m in Sources */,
				FABAB71E19CD77F300441C42 /* UIColor+Styling.m in Sources */,
				FA4B584C19A4E0A400BBB1E5 /* KIOUtilsView.m in Sources */,
				FAB5D7AB197519AD004F77ED /* KIOAppDelegate.m in Sources */,
				FA93001C1981427D00142237 /* KIOServiceController.m in Sources */,
				FABAB77419DD750900441C42 /* KIOGridView.m in Sources */,
				FA003C1A199CA70900776209 /* KIOUtils.m in Sources */,
				FADDED70197D105500798018 /* KIOBeacon.m in Sources */,
				FABAB77119DD66DD00441C42 /* KIOBuildingViewController.m in Sources */,
				FAB5D7A7197519AD004F77ED /* main.m in Sources */,
				FAB5D7D519751D09004F77ED /* KIOAPIDataStore.m in Sources */,
				FABAB77819DECF7400441C42 /* CLBeacon+Helper.m in Sources */,
				FAB5D7D819751D94004F77ED /* Reachability.m in Sources */,
			);
			runOnlyForDeploymentPostprocessing = 0;
		};
		FAB5D7B4197519AD004F77ED /* Sources */ = {
			isa = PBXSourcesBuildPhase;
			buildActionMask = 2147483647;
			files = (
				FAB5D7C6197519AD004F77ED /* BeaconConferenceTests.m in Sources */,
			);
			runOnlyForDeploymentPostprocessing = 0;
		};
/* End PBXSourcesBuildPhase section */

/* Begin PBXTargetDependency section */
		FAB5D7BE197519AD004F77ED /* PBXTargetDependency */ = {
			isa = PBXTargetDependency;
			target = FAB5D796197519AC004F77ED /* BeaconConference */;
			targetProxy = FAB5D7BD197519AD004F77ED /* PBXContainerItemProxy */;
		};
/* End PBXTargetDependency section */

/* Begin PBXVariantGroup section */
		FAB5D7A3197519AD004F77ED /* InfoPlist.strings */ = {
			isa = PBXVariantGroup;
			children = (
				FAB5D7A4197519AD004F77ED /* en */,
				FA9081A91975647A00B0710E /* ru */,
			);
			name = InfoPlist.strings;
			sourceTree = "<group>";
		};
		FAB5D7C2197519AD004F77ED /* InfoPlist.strings */ = {
			isa = PBXVariantGroup;
			children = (
				FAB5D7C3197519AD004F77ED /* en */,
				FA9081AA1975647A00B0710E /* ru */,
			);
			name = InfoPlist.strings;
			sourceTree = "<group>";
		};
/* End PBXVariantGroup section */

/* Begin XCBuildConfiguration section */
		FAB5D7C7197519AD004F77ED /* Debug */ = {
			isa = XCBuildConfiguration;
			buildSettings = {
				ALWAYS_SEARCH_USER_PATHS = NO;
				CLANG_CXX_LANGUAGE_STANDARD = "gnu++0x";
				CLANG_CXX_LIBRARY = "libc++";
				CLANG_ENABLE_MODULES = YES;
				CLANG_ENABLE_OBJC_ARC = YES;
				CLANG_WARN_BOOL_CONVERSION = YES;
				CLANG_WARN_CONSTANT_CONVERSION = YES;
				CLANG_WARN_DIRECT_OBJC_ISA_USAGE = YES_ERROR;
				CLANG_WARN_EMPTY_BODY = YES;
				CLANG_WARN_ENUM_CONVERSION = YES;
				CLANG_WARN_INT_CONVERSION = YES;
				CLANG_WARN_OBJC_ROOT_CLASS = YES_ERROR;
				CLANG_WARN__DUPLICATE_METHOD_MATCH = YES;
				"CODE_SIGN_IDENTITY[sdk=iphoneos*]" = "iPhone Developer";
				COPY_PHASE_STRIP = NO;
				GCC_C_LANGUAGE_STANDARD = gnu99;
				GCC_DYNAMIC_NO_PIC = NO;
				GCC_OPTIMIZATION_LEVEL = 0;
				GCC_PREPROCESSOR_DEFINITIONS = (
					"DEBUG=1",
					"$(inherited)",
					"KIOLOG_DEDUG=1",
				);
				GCC_SYMBOLS_PRIVATE_EXTERN = NO;
				GCC_WARN_64_TO_32_BIT_CONVERSION = YES;
				GCC_WARN_ABOUT_RETURN_TYPE = YES_ERROR;
				GCC_WARN_UNDECLARED_SELECTOR = YES;
				GCC_WARN_UNINITIALIZED_AUTOS = YES_AGGRESSIVE;
				GCC_WARN_UNUSED_FUNCTION = YES;
				GCC_WARN_UNUSED_VARIABLE = YES;
				IPHONEOS_DEPLOYMENT_TARGET = 7.1;
				ONLY_ACTIVE_ARCH = YES;
				SDKROOT = iphoneos;
			};
			name = Debug;
		};
		FAB5D7C8197519AD004F77ED /* Release */ = {
			isa = XCBuildConfiguration;
			buildSettings = {
				ALWAYS_SEARCH_USER_PATHS = NO;
				CLANG_CXX_LANGUAGE_STANDARD = "gnu++0x";
				CLANG_CXX_LIBRARY = "libc++";
				CLANG_ENABLE_MODULES = YES;
				CLANG_ENABLE_OBJC_ARC = YES;
				CLANG_WARN_BOOL_CONVERSION = YES;
				CLANG_WARN_CONSTANT_CONVERSION = YES;
				CLANG_WARN_DIRECT_OBJC_ISA_USAGE = YES_ERROR;
				CLANG_WARN_EMPTY_BODY = YES;
				CLANG_WARN_ENUM_CONVERSION = YES;
				CLANG_WARN_INT_CONVERSION = YES;
				CLANG_WARN_OBJC_ROOT_CLASS = YES_ERROR;
				CLANG_WARN__DUPLICATE_METHOD_MATCH = YES;
				"CODE_SIGN_IDENTITY[sdk=iphoneos*]" = "iPhone Developer";
				COPY_PHASE_STRIP = YES;
				ENABLE_NS_ASSERTIONS = NO;
				GCC_C_LANGUAGE_STANDARD = gnu99;
				GCC_WARN_64_TO_32_BIT_CONVERSION = YES;
				GCC_WARN_ABOUT_RETURN_TYPE = YES_ERROR;
				GCC_WARN_UNDECLARED_SELECTOR = YES;
				GCC_WARN_UNINITIALIZED_AUTOS = YES_AGGRESSIVE;
				GCC_WARN_UNUSED_FUNCTION = YES;
				GCC_WARN_UNUSED_VARIABLE = YES;
				IPHONEOS_DEPLOYMENT_TARGET = 7.1;
				SDKROOT = iphoneos;
				VALIDATE_PRODUCT = YES;
			};
			name = Release;
		};
		FAB5D7CA197519AD004F77ED /* Debug */ = {
			isa = XCBuildConfiguration;
			buildSettings = {
				ASSETCATALOG_COMPILER_APPICON_NAME = AppIcon;
				ASSETCATALOG_COMPILER_LAUNCHIMAGE_NAME = LaunchImage;
				GCC_PRECOMPILE_PREFIX_HEADER = YES;
				GCC_PREFIX_HEADER = "BeaconConference/BeaconConference-Prefix.pch";
				INFOPLIST_FILE = "BeaconConference/BeaconConference-Info.plist";
				PRODUCT_NAME = "$(TARGET_NAME)";
				TARGETED_DEVICE_FAMILY = "1,2";
				WRAPPER_EXTENSION = app;
			};
			name = Debug;
		};
		FAB5D7CB197519AD004F77ED /* Release */ = {
			isa = XCBuildConfiguration;
			buildSettings = {
				ASSETCATALOG_COMPILER_APPICON_NAME = AppIcon;
				ASSETCATALOG_COMPILER_LAUNCHIMAGE_NAME = LaunchImage;
				GCC_PRECOMPILE_PREFIX_HEADER = YES;
				GCC_PREFIX_HEADER = "BeaconConference/BeaconConference-Prefix.pch";
				INFOPLIST_FILE = "BeaconConference/BeaconConference-Info.plist";
				PRODUCT_NAME = "$(TARGET_NAME)";
				TARGETED_DEVICE_FAMILY = "1,2";
				WRAPPER_EXTENSION = app;
			};
			name = Release;
		};
		FAB5D7CD197519AD004F77ED /* Debug */ = {
			isa = XCBuildConfiguration;
			buildSettings = {
				BUNDLE_LOADER = "$(BUILT_PRODUCTS_DIR)/BeaconConference.app/BeaconConference";
				FRAMEWORK_SEARCH_PATHS = (
					"$(SDKROOT)/Developer/Library/Frameworks",
					"$(inherited)",
					"$(DEVELOPER_FRAMEWORKS_DIR)",
				);
				GCC_PRECOMPILE_PREFIX_HEADER = YES;
				GCC_PREFIX_HEADER = "BeaconConference/BeaconConference-Prefix.pch";
				GCC_PREPROCESSOR_DEFINITIONS = (
					"DEBUG=1",
					"$(inherited)",
				);
				INFOPLIST_FILE = "BeaconConferenceTests/BeaconConferenceTests-Info.plist";
				PRODUCT_NAME = "$(TARGET_NAME)";
				TEST_HOST = "$(BUNDLE_LOADER)";
				WRAPPER_EXTENSION = xctest;
			};
			name = Debug;
		};
		FAB5D7CE197519AD004F77ED /* Release */ = {
			isa = XCBuildConfiguration;
			buildSettings = {
				BUNDLE_LOADER = "$(BUILT_PRODUCTS_DIR)/BeaconConference.app/BeaconConference";
				FRAMEWORK_SEARCH_PATHS = (
					"$(SDKROOT)/Developer/Library/Frameworks",
					"$(inherited)",
					"$(DEVELOPER_FRAMEWORKS_DIR)",
				);
				GCC_PRECOMPILE_PREFIX_HEADER = YES;
				GCC_PREFIX_HEADER = "BeaconConference/BeaconConference-Prefix.pch";
				INFOPLIST_FILE = "BeaconConferenceTests/BeaconConferenceTests-Info.plist";
				PRODUCT_NAME = "$(TARGET_NAME)";
				TEST_HOST = "$(BUNDLE_LOADER)";
				WRAPPER_EXTENSION = xctest;
			};
			name = Release;
		};
/* End XCBuildConfiguration section */

/* Begin XCConfigurationList section */
		FAB5D792197519AC004F77ED /* Build configuration list for PBXProject "BeaconConference" */ = {
			isa = XCConfigurationList;
			buildConfigurations = (
				FAB5D7C7197519AD004F77ED /* Debug */,
				FAB5D7C8197519AD004F77ED /* Release */,
			);
			defaultConfigurationIsVisible = 0;
			defaultConfigurationName = Release;
		};
		FAB5D7C9197519AD004F77ED /* Build configuration list for PBXNativeTarget "BeaconConference" */ = {
			isa = XCConfigurationList;
			buildConfigurations = (
				FAB5D7CA197519AD004F77ED /* Debug */,
				FAB5D7CB197519AD004F77ED /* Release */,
			);
			defaultConfigurationIsVisible = 0;
			defaultConfigurationName = Release;
		};
		FAB5D7CC197519AD004F77ED /* Build configuration list for PBXNativeTarget "BeaconConferenceTests" */ = {
			isa = XCConfigurationList;
			buildConfigurations = (
				FAB5D7CD197519AD004F77ED /* Debug */,
				FAB5D7CE197519AD004F77ED /* Release */,
			);
			defaultConfigurationIsVisible = 0;
			defaultConfigurationName = Release;
		};
/* End XCConfigurationList section */
	};
	rootObject = FAB5D78F197519AC004F77ED /* Project object */;
}
